// !$*UTF8*$!
{
	archiveVersion = 1;
	classes = {
	};
	objectVersion = 56;
	objects = {

/* Begin PBXBuildFile section */
		796ACD012A0486B5009B03FA /* AppDelegate.swift in Sources */ = {isa = PBXBuildFile; fileRef = 796ACD002A0486B5009B03FA /* AppDelegate.swift */; };
		796ACD032A0486B5009B03FA /* SceneDelegate.swift in Sources */ = {isa = PBXBuildFile; fileRef = 796ACD022A0486B5009B03FA /* SceneDelegate.swift */; };
		796ACD052A0486B5009B03FA /* ViewController.swift in Sources */ = {isa = PBXBuildFile; fileRef = 796ACD042A0486B5009B03FA /* ViewController.swift */; };
		796ACD082A0486B5009B03FA /* Main.storyboard in Resources */ = {isa = PBXBuildFile; fileRef = 796ACD062A0486B5009B03FA /* Main.storyboard */; };
		796ACD0B2A0486B5009B03FA /* MustacheMania.xcdatamodeld in Sources */ = {isa = PBXBuildFile; fileRef = 796ACD092A0486B5009B03FA /* MustacheMania.xcdatamodeld */; };
		796ACD0D2A0486B6009B03FA /* Assets.xcassets in Resources */ = {isa = PBXBuildFile; fileRef = 796ACD0C2A0486B6009B03FA /* Assets.xcassets */; };
		796ACD102A0486B6009B03FA /* LaunchScreen.storyboard in Resources */ = {isa = PBXBuildFile; fileRef = 796ACD0E2A0486B6009B03FA /* LaunchScreen.storyboard */; };
		796ACD1B2A0486B6009B03FA /* MustacheManiaTests.swift in Sources */ = {isa = PBXBuildFile; fileRef = 796ACD1A2A0486B6009B03FA /* MustacheManiaTests.swift */; };
		796ACD252A0486B6009B03FA /* MustacheManiaUITests.swift in Sources */ = {isa = PBXBuildFile; fileRef = 796ACD242A0486B6009B03FA /* MustacheManiaUITests.swift */; };
		796ACD272A0486B6009B03FA /* MustacheManiaUITestsLaunchTests.swift in Sources */ = {isa = PBXBuildFile; fileRef = 796ACD262A0486B6009B03FA /* MustacheManiaUITestsLaunchTests.swift */; };
/* End PBXBuildFile section */

/* Begin PBXContainerItemProxy section */
		796ACD172A0486B6009B03FA /* PBXContainerItemProxy */ = {
			isa = PBXContainerItemProxy;
			containerPortal = 796ACCF52A0486B5009B03FA /* Project object */;
			proxyType = 1;
			remoteGlobalIDString = 796ACCFC2A0486B5009B03FA;
			remoteInfo = MustacheMania;
		};
		796ACD212A0486B6009B03FA /* PBXContainerItemProxy */ = {
			isa = PBXContainerItemProxy;
			containerPortal = 796ACCF52A0486B5009B03FA /* Project object */;
			proxyType = 1;
			remoteGlobalIDString = 796ACCFC2A0486B5009B03FA;
			remoteInfo = MustacheMania;
		};
/* End PBXContainerItemProxy section */

/* Begin PBXFileReference section */
		796ACCFD2A0486B5009B03FA /* MustacheMania.app */ = {isa = PBXFileReference; explicitFileType = wrapper.application; includeInIndex = 0; path = MustacheMania.app; sourceTree = BUILT_PRODUCTS_DIR; };
		796ACD002A0486B5009B03FA /* AppDelegate.swift */ = {isa = PBXFileReference; lastKnownFileType = sourcecode.swift; path = AppDelegate.swift; sourceTree = "<group>"; };
		796ACD022A0486B5009B03FA /* SceneDelegate.swift */ = {isa = PBXFileReference; lastKnownFileType = sourcecode.swift; path = SceneDelegate.swift; sourceTree = "<group>"; };
		796ACD042A0486B5009B03FA /* ViewController.swift */ = {isa = PBXFileReference; lastKnownFileType = sourcecode.swift; path = ViewController.swift; sourceTree = "<group>"; };
		796ACD072A0486B5009B03FA /* Base */ = {isa = PBXFileReference; lastKnownFileType = file.storyboard; name = Base; path = Base.lproj/Main.storyboard; sourceTree = "<group>"; };
		796ACD0A2A0486B5009B03FA /* MustacheMania.xcdatamodel */ = {isa = PBXFileReference; lastKnownFileType = wrapper.xcdatamodel; path = MustacheMania.xcdatamodel; sourceTree = "<group>"; };
		796ACD0C2A0486B6009B03FA /* Assets.xcassets */ = {isa = PBXFileReference; lastKnownFileType = folder.assetcatalog; path = Assets.xcassets; sourceTree = "<group>"; };
		796ACD0F2A0486B6009B03FA /* Base */ = {isa = PBXFileReference; lastKnownFileType = file.storyboard; name = Base; path = Base.lproj/LaunchScreen.storyboard; sourceTree = "<group>"; };
		796ACD112A0486B6009B03FA /* Info.plist */ = {isa = PBXFileReference; lastKnownFileType = text.plist.xml; path = Info.plist; sourceTree = "<group>"; };
		796ACD162A0486B6009B03FA /* MustacheManiaTests.xctest */ = {isa = PBXFileReference; explicitFileType = wrapper.cfbundle; includeInIndex = 0; path = MustacheManiaTests.xctest; sourceTree = BUILT_PRODUCTS_DIR; };
		796ACD1A2A0486B6009B03FA /* MustacheManiaTests.swift */ = {isa = PBXFileReference; lastKnownFileType = sourcecode.swift; path = MustacheManiaTests.swift; sourceTree = "<group>"; };
		796ACD202A0486B6009B03FA /* MustacheManiaUITests.xctest */ = {isa = PBXFileReference; explicitFileType = wrapper.cfbundle; includeInIndex = 0; path = MustacheManiaUITests.xctest; sourceTree = BUILT_PRODUCTS_DIR; };
		796ACD242A0486B6009B03FA /* MustacheManiaUITests.swift */ = {isa = PBXFileReference; lastKnownFileType = sourcecode.swift; path = MustacheManiaUITests.swift; sourceTree = "<group>"; };
		796ACD262A0486B6009B03FA /* MustacheManiaUITestsLaunchTests.swift */ = {isa = PBXFileReference; lastKnownFileType = sourcecode.swift; path = MustacheManiaUITestsLaunchTests.swift; sourceTree = "<group>"; };
/* End PBXFileReference section */

/* Begin PBXFrameworksBuildPhase section */
		796ACCFA2A0486B5009B03FA /* Frameworks */ = {
			isa = PBXFrameworksBuildPhase;
			buildActionMask = 2147483647;
			files = (
			);
			runOnlyForDeploymentPostprocessing = 0;
		};
		796ACD132A0486B6009B03FA /* Frameworks */ = {
			isa = PBXFrameworksBuildPhase;
			buildActionMask = 2147483647;
			files = (
			);
			runOnlyForDeploymentPostprocessing = 0;
		};
		796ACD1D2A0486B6009B03FA /* Frameworks */ = {
			isa = PBXFrameworksBuildPhase;
			buildActionMask = 2147483647;
			files = (
			);
			runOnlyForDeploymentPostprocessing = 0;
		};
/* End PBXFrameworksBuildPhase section */

/* Begin PBXGroup section */
		796ACCF42A0486B5009B03FA = {
			isa = PBXGroup;
			children = (
				796ACCFF2A0486B5009B03FA /* MustacheMania */,
				796ACD192A0486B6009B03FA /* MustacheManiaTests */,
				796ACD232A0486B6009B03FA /* MustacheManiaUITests */,
				796ACCFE2A0486B5009B03FA /* Products */,
			);
			sourceTree = "<group>";
		};
		796ACCFE2A0486B5009B03FA /* Products */ = {
			isa = PBXGroup;
			children = (
				796ACCFD2A0486B5009B03FA /* MustacheMania.app */,
				796ACD162A0486B6009B03FA /* MustacheManiaTests.xctest */,
				796ACD202A0486B6009B03FA /* MustacheManiaUITests.xctest */,
			);
			name = Products;
			sourceTree = "<group>";
		};
		796ACCFF2A0486B5009B03FA /* MustacheMania */ = {
			isa = PBXGroup;
			children = (
				796ACD002A0486B5009B03FA /* AppDelegate.swift */,
				796ACD022A0486B5009B03FA /* SceneDelegate.swift */,
				796ACD042A0486B5009B03FA /* ViewController.swift */,
				796ACD062A0486B5009B03FA /* Main.storyboard */,
				796ACD0C2A0486B6009B03FA /* Assets.xcassets */,
				796ACD0E2A0486B6009B03FA /* LaunchScreen.storyboard */,
				796ACD112A0486B6009B03FA /* Info.plist */,
				796ACD092A0486B5009B03FA /* MustacheMania.xcdatamodeld */,
			);
			path = MustacheMania;
			sourceTree = "<group>";
		};
		796ACD192A0486B6009B03FA /* MustacheManiaTests */ = {
			isa = PBXGroup;
			children = (
				796ACD1A2A0486B6009B03FA /* MustacheManiaTests.swift */,
			);
			path = MustacheManiaTests;
			sourceTree = "<group>";
		};
		796ACD232A0486B6009B03FA /* MustacheManiaUITests */ = {
			isa = PBXGroup;
			children = (
				796ACD242A0486B6009B03FA /* MustacheManiaUITests.swift */,
				796ACD262A0486B6009B03FA /* MustacheManiaUITestsLaunchTests.swift */,
			);
			path = MustacheManiaUITests;
			sourceTree = "<group>";
		};
/* End PBXGroup section */

/* Begin PBXNativeTarget section */
		796ACCFC2A0486B5009B03FA /* MustacheMania */ = {
			isa = PBXNativeTarget;
			buildConfigurationList = 796ACD2A2A0486B6009B03FA /* Build configuration list for PBXNativeTarget "MustacheMania" */;
			buildPhases = (
				796ACCF92A0486B5009B03FA /* Sources */,
				796ACCFA2A0486B5009B03FA /* Frameworks */,
				796ACCFB2A0486B5009B03FA /* Resources */,
			);
			buildRules = (
			);
			dependencies = (
			);
			name = MustacheMania;
			productName = MustacheMania;
			productReference = 796ACCFD2A0486B5009B03FA /* MustacheMania.app */;
			productType = "com.apple.product-type.application";
		};
		796ACD152A0486B6009B03FA /* MustacheManiaTests */ = {
			isa = PBXNativeTarget;
			buildConfigurationList = 796ACD2D2A0486B6009B03FA /* Build configuration list for PBXNativeTarget "MustacheManiaTests" */;
			buildPhases = (
				796ACD122A0486B6009B03FA /* Sources */,
				796ACD132A0486B6009B03FA /* Frameworks */,
				796ACD142A0486B6009B03FA /* Resources */,
			);
			buildRules = (
			);
			dependencies = (
				796ACD182A0486B6009B03FA /* PBXTargetDependency */,
			);
			name = MustacheManiaTests;
			productName = MustacheManiaTests;
			productReference = 796ACD162A0486B6009B03FA /* MustacheManiaTests.xctest */;
			productType = "com.apple.product-type.bundle.unit-test";
		};
		796ACD1F2A0486B6009B03FA /* MustacheManiaUITests */ = {
			isa = PBXNativeTarget;
			buildConfigurationList = 796ACD302A0486B6009B03FA /* Build configuration list for PBXNativeTarget "MustacheManiaUITests" */;
			buildPhases = (
				796ACD1C2A0486B6009B03FA /* Sources */,
				796ACD1D2A0486B6009B03FA /* Frameworks */,
				796ACD1E2A0486B6009B03FA /* Resources */,
			);
			buildRules = (
			);
			dependencies = (
				796ACD222A0486B6009B03FA /* PBXTargetDependency */,
			);
			name = MustacheManiaUITests;
			productName = MustacheManiaUITests;
			productReference = 796ACD202A0486B6009B03FA /* MustacheManiaUITests.xctest */;
			productType = "com.apple.product-type.bundle.ui-testing";
		};
/* End PBXNativeTarget section */

/* Begin PBXProject section */
		796ACCF52A0486B5009B03FA /* Project object */ = {
			isa = PBXProject;
			attributes = {
				BuildIndependentTargetsInParallel = 1;
				LastSwiftUpdateCheck = 1430;
				LastUpgradeCheck = 1430;
				TargetAttributes = {
					796ACCFC2A0486B5009B03FA = {
						CreatedOnToolsVersion = 14.3;
					};
					796ACD152A0486B6009B03FA = {
						CreatedOnToolsVersion = 14.3;
						TestTargetID = 796ACCFC2A0486B5009B03FA;
					};
					796ACD1F2A0486B6009B03FA = {
						CreatedOnToolsVersion = 14.3;
						TestTargetID = 796ACCFC2A0486B5009B03FA;
					};
				};
			};
			buildConfigurationList = 796ACCF82A0486B5009B03FA /* Build configuration list for PBXProject "MustacheMania" */;
			compatibilityVersion = "Xcode 14.0";
			developmentRegion = en;
			hasScannedForEncodings = 0;
			knownRegions = (
				en,
				Base,
			);
			mainGroup = 796ACCF42A0486B5009B03FA;
			productRefGroup = 796ACCFE2A0486B5009B03FA /* Products */;
			projectDirPath = "";
			projectRoot = "";
			targets = (
				796ACCFC2A0486B5009B03FA /* MustacheMania */,
				796ACD152A0486B6009B03FA /* MustacheManiaTests */,
				796ACD1F2A0486B6009B03FA /* MustacheManiaUITests */,
			);
		};
/* End PBXProject section */

/* Begin PBXResourcesBuildPhase section */
		796ACCFB2A0486B5009B03FA /* Resources */ = {
			isa = PBXResourcesBuildPhase;
			buildActionMask = 2147483647;
			files = (
				796ACD102A0486B6009B03FA /* LaunchScreen.storyboard in Resources */,
				796ACD0D2A0486B6009B03FA /* Assets.xcassets in Resources */,
				796ACD082A0486B5009B03FA /* Main.storyboard in Resources */,
			);
			runOnlyForDeploymentPostprocessing = 0;
		};
		796ACD142A0486B6009B03FA /* Resources */ = {
			isa = PBXResourcesBuildPhase;
			buildActionMask = 2147483647;
			files = (
			);
			runOnlyForDeploymentPostprocessing = 0;
		};
		796ACD1E2A0486B6009B03FA /* Resources */ = {
			isa = PBXResourcesBuildPhase;
			buildActionMask = 2147483647;
			files = (
			);
			runOnlyForDeploymentPostprocessing = 0;
		};
/* End PBXResourcesBuildPhase section */

/* Begin PBXSourcesBuildPhase section */
		796ACCF92A0486B5009B03FA /* Sources */ = {
			isa = PBXSourcesBuildPhase;
			buildActionMask = 2147483647;
			files = (
				796ACD052A0486B5009B03FA /* ViewController.swift in Sources */,
				796ACD012A0486B5009B03FA /* AppDelegate.swift in Sources */,
				796ACD0B2A0486B5009B03FA /* MustacheMania.xcdatamodeld in Sources */,
				796ACD032A0486B5009B03FA /* SceneDelegate.swift in Sources */,
			);
			runOnlyForDeploymentPostprocessing = 0;
		};
		796ACD122A0486B6009B03FA /* Sources */ = {
			isa = PBXSourcesBuildPhase;
			buildActionMask = 2147483647;
			files = (
				796ACD1B2A0486B6009B03FA /* MustacheManiaTests.swift in Sources */,
			);
			runOnlyForDeploymentPostprocessing = 0;
		};
		796ACD1C2A0486B6009B03FA /* Sources */ = {
			isa = PBXSourcesBuildPhase;
			buildActionMask = 2147483647;
			files = (
				796ACD252A0486B6009B03FA /* MustacheManiaUITests.swift in Sources */,
				796ACD272A0486B6009B03FA /* MustacheManiaUITestsLaunchTests.swift in Sources */,
			);
			runOnlyForDeploymentPostprocessing = 0;
		};
/* End PBXSourcesBuildPhase section */

/* Begin PBXTargetDependency section */
		796ACD182A0486B6009B03FA /* PBXTargetDependency */ = {
			isa = PBXTargetDependency;
			target = 796ACCFC2A0486B5009B03FA /* MustacheMania */;
			targetProxy = 796ACD172A0486B6009B03FA /* PBXContainerItemProxy */;
		};
		796ACD222A0486B6009B03FA /* PBXTargetDependency */ = {
			isa = PBXTargetDependency;
			target = 796ACCFC2A0486B5009B03FA /* MustacheMania */;
			targetProxy = 796ACD212A0486B6009B03FA /* PBXContainerItemProxy */;
		};
/* End PBXTargetDependency section */

/* Begin PBXVariantGroup section */
		796ACD062A0486B5009B03FA /* Main.storyboard */ = {
			isa = PBXVariantGroup;
			children = (
				796ACD072A0486B5009B03FA /* Base */,
			);
			name = Main.storyboard;
			sourceTree = "<group>";
		};
		796ACD0E2A0486B6009B03FA /* LaunchScreen.storyboard */ = {
			isa = PBXVariantGroup;
			children = (
				796ACD0F2A0486B6009B03FA /* Base */,
			);
			name = LaunchScreen.storyboard;
			sourceTree = "<group>";
		};
/* End PBXVariantGroup section */

/* Begin XCBuildConfiguration section */
		796ACD282A0486B6009B03FA /* Debug */ = {
			isa = XCBuildConfiguration;
			buildSettings = {
				ALWAYS_SEARCH_USER_PATHS = NO;
				CLANG_ANALYZER_NONNULL = YES;
				CLANG_ANALYZER_NUMBER_OBJECT_CONVERSION = YES_AGGRESSIVE;
				CLANG_CXX_LANGUAGE_STANDARD = "gnu++20";
				CLANG_ENABLE_MODULES = YES;
				CLANG_ENABLE_OBJC_ARC = YES;
				CLANG_ENABLE_OBJC_WEAK = YES;
				CLANG_WARN_BLOCK_CAPTURE_AUTORELEASING = YES;
				CLANG_WARN_BOOL_CONVERSION = YES;
				CLANG_WARN_COMMA = YES;
				CLANG_WARN_CONSTANT_CONVERSION = YES;
				CLANG_WARN_DEPRECATED_OBJC_IMPLEMENTATIONS = YES;
				CLANG_WARN_DIRECT_OBJC_ISA_USAGE = YES_ERROR;
				CLANG_WARN_DOCUMENTATION_COMMENTS = YES;
				CLANG_WARN_EMPTY_BODY = YES;
				CLANG_WARN_ENUM_CONVERSION = YES;
				CLANG_WARN_INFINITE_RECURSION = YES;
				CLANG_WARN_INT_CONVERSION = YES;
				CLANG_WARN_NON_LITERAL_NULL_CONVERSION = YES;
				CLANG_WARN_OBJC_IMPLICIT_RETAIN_SELF = YES;
				CLANG_WARN_OBJC_LITERAL_CONVERSION = YES;
				CLANG_WARN_OBJC_ROOT_CLASS = YES_ERROR;
				CLANG_WARN_QUOTED_INCLUDE_IN_FRAMEWORK_HEADER = YES;
				CLANG_WARN_RANGE_LOOP_ANALYSIS = YES;
				CLANG_WARN_STRICT_PROTOTYPES = YES;
				CLANG_WARN_SUSPICIOUS_MOVE = YES;
				CLANG_WARN_UNGUARDED_AVAILABILITY = YES_AGGRESSIVE;
				CLANG_WARN_UNREACHABLE_CODE = YES;
				CLANG_WARN__DUPLICATE_METHOD_MATCH = YES;
				COPY_PHASE_STRIP = NO;
				DEBUG_INFORMATION_FORMAT = dwarf;
				ENABLE_STRICT_OBJC_MSGSEND = YES;
				ENABLE_TESTABILITY = YES;
				GCC_C_LANGUAGE_STANDARD = gnu11;
				GCC_DYNAMIC_NO_PIC = NO;
				GCC_NO_COMMON_BLOCKS = YES;
				GCC_OPTIMIZATION_LEVEL = 0;
				GCC_PREPROCESSOR_DEFINITIONS = (
					"DEBUG=1",
					"$(inherited)",
				);
				GCC_WARN_64_TO_32_BIT_CONVERSION = YES;
				GCC_WARN_ABOUT_RETURN_TYPE = YES_ERROR;
				GCC_WARN_UNDECLARED_SELECTOR = YES;
				GCC_WARN_UNINITIALIZED_AUTOS = YES_AGGRESSIVE;
				GCC_WARN_UNUSED_FUNCTION = YES;
				GCC_WARN_UNUSED_VARIABLE = YES;
				IPHONEOS_DEPLOYMENT_TARGET = 16.4;
				MTL_ENABLE_DEBUG_INFO = INCLUDE_SOURCE;
				MTL_FAST_MATH = YES;
				ONLY_ACTIVE_ARCH = YES;
				SDKROOT = iphoneos;
				SWIFT_ACTIVE_COMPILATION_CONDITIONS = DEBUG;
				SWIFT_OPTIMIZATION_LEVEL = "-Onone";
			};
			name = Debug;
		};
		796ACD292A0486B6009B03FA /* Release */ = {
			isa = XCBuildConfiguration;
			buildSettings = {
				ALWAYS_SEARCH_USER_PATHS = NO;
				CLANG_ANALYZER_NONNULL = YES;
				CLANG_ANALYZER_NUMBER_OBJECT_CONVERSION = YES_AGGRESSIVE;
				CLANG_CXX_LANGUAGE_STANDARD = "gnu++20";
				CLANG_ENABLE_MODULES = YES;
				CLANG_ENABLE_OBJC_ARC = YES;
				CLANG_ENABLE_OBJC_WEAK = YES;
				CLANG_WARN_BLOCK_CAPTURE_AUTORELEASING = YES;
				CLANG_WARN_BOOL_CONVERSION = YES;
				CLANG_WARN_COMMA = YES;
				CLANG_WARN_CONSTANT_CONVERSION = YES;
				CLANG_WARN_DEPRECATED_OBJC_IMPLEMENTATIONS = YES;
				CLANG_WARN_DIRECT_OBJC_ISA_USAGE = YES_ERROR;
				CLANG_WARN_DOCUMENTATION_COMMENTS = YES;
				CLANG_WARN_EMPTY_BODY = YES;
				CLANG_WARN_ENUM_CONVERSION = YES;
				CLANG_WARN_INFINITE_RECURSION = YES;
				CLANG_WARN_INT_CONVERSION = YES;
				CLANG_WARN_NON_LITERAL_NULL_CONVERSION = YES;
				CLANG_WARN_OBJC_IMPLICIT_RETAIN_SELF = YES;
				CLANG_WARN_OBJC_LITERAL_CONVERSION = YES;
				CLANG_WARN_OBJC_ROOT_CLASS = YES_ERROR;
				CLANG_WARN_QUOTED_INCLUDE_IN_FRAMEWORK_HEADER = YES;
				CLANG_WARN_RANGE_LOOP_ANALYSIS = YES;
				CLANG_WARN_STRICT_PROTOTYPES = YES;
				CLANG_WARN_SUSPICIOUS_MOVE = YES;
				CLANG_WARN_UNGUARDED_AVAILABILITY = YES_AGGRESSIVE;
				CLANG_WARN_UNREACHABLE_CODE = YES;
				CLANG_WARN__DUPLICATE_METHOD_MATCH = YES;
				COPY_PHASE_STRIP = NO;
				DEBUG_INFORMATION_FORMAT = "dwarf-with-dsym";
				ENABLE_NS_ASSERTIONS = NO;
				ENABLE_STRICT_OBJC_MSGSEND = YES;
				GCC_C_LANGUAGE_STANDARD = gnu11;
				GCC_NO_COMMON_BLOCKS = YES;
				GCC_WARN_64_TO_32_BIT_CONVERSION = YES;
				GCC_WARN_ABOUT_RETURN_TYPE = YES_ERROR;
				GCC_WARN_UNDECLARED_SELECTOR = YES;
				GCC_WARN_UNINITIALIZED_AUTOS = YES_AGGRESSIVE;
				GCC_WARN_UNUSED_FUNCTION = YES;
				GCC_WARN_UNUSED_VARIABLE = YES;
				IPHONEOS_DEPLOYMENT_TARGET = 16.4;
				MTL_ENABLE_DEBUG_INFO = NO;
				MTL_FAST_MATH = YES;
				SDKROOT = iphoneos;
				SWIFT_COMPILATION_MODE = wholemodule;
				SWIFT_OPTIMIZATION_LEVEL = "-O";
				VALIDATE_PRODUCT = YES;
			};
			name = Release;
		};
		796ACD2B2A0486B6009B03FA /* Debug */ = {
			isa = XCBuildConfiguration;
			buildSettings = {
				ASSETCATALOG_COMPILER_APPICON_NAME = AppIcon;
				ASSETCATALOG_COMPILER_GLOBAL_ACCENT_COLOR_NAME = AccentColor;
				CODE_SIGN_STYLE = Automatic;
				CURRENT_PROJECT_VERSION = 1;
				DEVELOPMENT_TEAM = QL7G84W3RH;
				GENERATE_INFOPLIST_FILE = YES;
				INFOPLIST_FILE = MustacheMania/Info.plist;
				INFOPLIST_KEY_UIApplicationSupportsIndirectInputEvents = YES;
				INFOPLIST_KEY_UILaunchStoryboardName = LaunchScreen;
				INFOPLIST_KEY_UIMainStoryboardFile = Main;
				INFOPLIST_KEY_UISupportedInterfaceOrientations_iPad = "UIInterfaceOrientationPortrait UIInterfaceOrientationPortraitUpsideDown UIInterfaceOrientationLandscapeLeft UIInterfaceOrientationLandscapeRight";
				INFOPLIST_KEY_UISupportedInterfaceOrientations_iPhone = "UIInterfaceOrientationPortrait UIInterfaceOrientationLandscapeLeft UIInterfaceOrientationLandscapeRight";
				LD_RUNPATH_SEARCH_PATHS = (
					"$(inherited)",
					"@executable_path/Frameworks",
				);
				MARKETING_VERSION = 1.0;
				PRODUCT_BUNDLE_IDENTIFIER = ca.veltus.MustacheMania;
				PRODUCT_NAME = "$(TARGET_NAME)";
				SWIFT_EMIT_LOC_STRINGS = YES;
				SWIFT_VERSION = 5.0;
				TARGETED_DEVICE_FAMILY = "1,2";
			};
			name = Debug;
		};
		796ACD2C2A0486B6009B03FA /* Release */ = {
			isa = XCBuildConfiguration;
			buildSettings = {
				ASSETCATALOG_COMPILER_APPICON_NAME = AppIcon;
				ASSETCATALOG_COMPILER_GLOBAL_ACCENT_COLOR_NAME = AccentColor;
				CODE_SIGN_STYLE = Automatic;
				CURRENT_PROJECT_VERSION = 1;
				DEVELOPMENT_TEAM = QL7G84W3RH;
				GENERATE_INFOPLIST_FILE = YES;
				INFOPLIST_FILE = MustacheMania/Info.plist;
				INFOPLIST_KEY_UIApplicationSupportsIndirectInputEvents = YES;
				INFOPLIST_KEY_UILaunchStoryboardName = LaunchScreen;
				INFOPLIST_KEY_UIMainStoryboardFile = Main;
				INFOPLIST_KEY_UISupportedInterfaceOrientations_iPad = "UIInterfaceOrientationPortrait UIInterfaceOrientationPortraitUpsideDown UIInterfaceOrientationLandscapeLeft UIInterfaceOrientationLandscapeRight";
				INFOPLIST_KEY_UISupportedInterfaceOrientations_iPhone = "UIInterfaceOrientationPortrait UIInterfaceOrientationLandscapeLeft UIInterfaceOrientationLandscapeRight";
				LD_RUNPATH_SEARCH_PATHS = (
					"$(inherited)",
					"@executable_path/Frameworks",
				);
				MARKETING_VERSION = 1.0;
				PRODUCT_BUNDLE_IDENTIFIER = ca.veltus.MustacheMania;
				PRODUCT_NAME = "$(TARGET_NAME)";
				SWIFT_EMIT_LOC_STRINGS = YES;
				SWIFT_VERSION = 5.0;
				TARGETED_DEVICE_FAMILY = "1,2";
			};
			name = Release;
		};
		796ACD2E2A0486B6009B03FA /* Debug */ = {
			isa = XCBuildConfiguration;
			buildSettings = {
				ALWAYS_EMBED_SWIFT_STANDARD_LIBRARIES = YES;
				BUNDLE_LOADER = "$(TEST_HOST)";
				CODE_SIGN_STYLE = Automatic;
				CURRENT_PROJECT_VERSION = 1;
				DEVELOPMENT_TEAM = QL7G84W3RH;
				GENERATE_INFOPLIST_FILE = YES;
				IPHONEOS_DEPLOYMENT_TARGET = 16.4;
				MARKETING_VERSION = 1.0;
				PRODUCT_BUNDLE_IDENTIFIER = ca.veltus.MustacheManiaTests;
				PRODUCT_NAME = "$(TARGET_NAME)";
				SWIFT_EMIT_LOC_STRINGS = NO;
				SWIFT_VERSION = 5.0;
				TARGETED_DEVICE_FAMILY = "1,2";
				TEST_HOST = "$(BUILT_PRODUCTS_DIR)/MustacheMania.app/$(BUNDLE_EXECUTABLE_FOLDER_PATH)/MustacheMania";
			};
			name = Debug;
		};
		796ACD2F2A0486B6009B03FA /* Release */ = {
			isa = XCBuildConfiguration;
			buildSettings = {
				ALWAYS_EMBED_SWIFT_STANDARD_LIBRARIES = YES;
				BUNDLE_LOADER = "$(TEST_HOST)";
				CODE_SIGN_STYLE = Automatic;
				CURRENT_PROJECT_VERSION = 1;
				DEVELOPMENT_TEAM = QL7G84W3RH;
				GENERATE_INFOPLIST_FILE = YES;
				IPHONEOS_DEPLOYMENT_TARGET = 16.4;
				MARKETING_VERSION = 1.0;
				PRODUCT_BUNDLE_IDENTIFIER = ca.veltus.MustacheManiaTests;
				PRODUCT_NAME = "$(TARGET_NAME)";
				SWIFT_EMIT_LOC_STRINGS = NO;
				SWIFT_VERSION = 5.0;
				TARGETED_DEVICE_FAMILY = "1,2";
				TEST_HOST = "$(BUILT_PRODUCTS_DIR)/MustacheMania.app/$(BUNDLE_EXECUTABLE_FOLDER_PATH)/MustacheMania";
			};
			name = Release;
		};
		796ACD312A0486B6009B03FA /* Debug */ = {
			isa = XCBuildConfiguration;
			buildSettings = {
				ALWAYS_EMBED_SWIFT_STANDARD_LIBRARIES = YES;
				CODE_SIGN_STYLE = Automatic;
				CURRENT_PROJECT_VERSION = 1;
				DEVELOPMENT_TEAM = QL7G84W3RH;
				GENERATE_INFOPLIST_FILE = YES;
				MARKETING_VERSION = 1.0;
				PRODUCT_BUNDLE_IDENTIFIER = ca.veltus.MustacheManiaUITests;
				PRODUCT_NAME = "$(TARGET_NAME)";
				SWIFT_EMIT_LOC_STRINGS = NO;
				SWIFT_VERSION = 5.0;
				TARGETED_DEVICE_FAMILY = "1,2";
				TEST_TARGET_NAME = MustacheMania;
			};
			name = Debug;
		};
		796ACD322A0486B6009B03FA /* Release */ = {
			isa = XCBuildConfiguration;
			buildSettings = {
				ALWAYS_EMBED_SWIFT_STANDARD_LIBRARIES = YES;
				CODE_SIGN_STYLE = Automatic;
				CURRENT_PROJECT_VERSION = 1;
				DEVELOPMENT_TEAM = QL7G84W3RH;
				GENERATE_INFOPLIST_FILE = YES;
				MARKETING_VERSION = 1.0;
				PRODUCT_BUNDLE_IDENTIFIER = ca.veltus.MustacheManiaUITests;
				PRODUCT_NAME = "$(TARGET_NAME)";
				SWIFT_EMIT_LOC_STRINGS = NO;
				SWIFT_VERSION = 5.0;
				TARGETED_DEVICE_FAMILY = "1,2";
				TEST_TARGET_NAME = MustacheMania;
			};
			name = Release;
		};
/* End XCBuildConfiguration section */

/* Begin XCConfigurationList section */
		796ACCF82A0486B5009B03FA /* Build configuration list for PBXProject "MustacheMania" */ = {
			isa = XCConfigurationList;
			buildConfigurations = (
				796ACD282A0486B6009B03FA /* Debug */,
				796ACD292A0486B6009B03FA /* Release */,
			);
			defaultConfigurationIsVisible = 0;
			defaultConfigurationName = Release;
		};
		796ACD2A2A0486B6009B03FA /* Build configuration list for PBXNativeTarget "MustacheMania" */ = {
			isa = XCConfigurationList;
			buildConfigurations = (
				796ACD2B2A0486B6009B03FA /* Debug */,
				796ACD2C2A0486B6009B03FA /* Release */,
			);
			defaultConfigurationIsVisible = 0;
			defaultConfigurationName = Release;
		};
		796ACD2D2A0486B6009B03FA /* Build configuration list for PBXNativeTarget "MustacheManiaTests" */ = {
			isa = XCConfigurationList;
			buildConfigurations = (
				796ACD2E2A0486B6009B03FA /* Debug */,
				796ACD2F2A0486B6009B03FA /* Release */,
			);
			defaultConfigurationIsVisible = 0;
			defaultConfigurationName = Release;
		};
		796ACD302A0486B6009B03FA /* Build configuration list for PBXNativeTarget "MustacheManiaUITests" */ = {
			isa = XCConfigurationList;
			buildConfigurations = (
				796ACD312A0486B6009B03FA /* Debug */,
				796ACD322A0486B6009B03FA /* Release */,
			);
			defaultConfigurationIsVisible = 0;
			defaultConfigurationName = Release;
		};
/* End XCConfigurationList section */

/* Begin XCVersionGroup section */
		796ACD092A0486B5009B03FA /* MustacheMania.xcdatamodeld */ = {
			isa = XCVersionGroup;
			children = (
				796ACD0A2A0486B5009B03FA /* MustacheMania.xcdatamodel */,
			);
			currentVersion = 796ACD0A2A0486B5009B03FA /* MustacheMania.xcdatamodel */;
			path = MustacheMania.xcdatamodeld;
			sourceTree = "<group>";
			versionGroupType = wrapper.xcdatamodel;
		};
/* End XCVersionGroup section */
	};
	rootObject = 796ACCF52A0486B5009B03FA /* Project object */;
}
