// !$*UTF8*$!
{
	archiveVersion = 1;
	classes = {
	};
	objectVersion = 56;
	objects = {

/* Begin PBXBuildFile section */
		4B8AF55C375249F48E5C9462 /* Pods_MustacheMania.framework in Frameworks */ = {isa = PBXBuildFile; fileRef = E077D61C1AEC9F80B40DAEBF /* Pods_MustacheMania.framework */; };
		79635366BA077D4C92777D30 /* Pods_MustacheMania_MustacheManiaUITests.framework in Frameworks */ = {isa = PBXBuildFile; fileRef = EFD0D31A7BAED83E6E1161D4 /* Pods_MustacheMania_MustacheManiaUITests.framework */; };
		796995172A09D8DE002A8502 /* RecordVideoManager.swift in Sources */ = {isa = PBXBuildFile; fileRef = 796995162A09D8DE002A8502 /* RecordVideoManager.swift */; };
		796ACD012A0486B5009B03FA /* AppDelegate.swift in Sources */ = {isa = PBXBuildFile; fileRef = 796ACD002A0486B5009B03FA /* AppDelegate.swift */; };
		796ACD032A0486B5009B03FA /* SceneDelegate.swift in Sources */ = {isa = PBXBuildFile; fileRef = 796ACD022A0486B5009B03FA /* SceneDelegate.swift */; };
		796ACD082A0486B5009B03FA /* Main.storyboard in Resources */ = {isa = PBXBuildFile; fileRef = 796ACD062A0486B5009B03FA /* Main.storyboard */; };
		796ACD0B2A0486B5009B03FA /* MustacheMania.xcdatamodeld in Sources */ = {isa = PBXBuildFile; fileRef = 796ACD092A0486B5009B03FA /* MustacheMania.xcdatamodeld */; };
		796ACD0D2A0486B6009B03FA /* Assets.xcassets in Resources */ = {isa = PBXBuildFile; fileRef = 796ACD0C2A0486B6009B03FA /* Assets.xcassets */; };
		796ACD102A0486B6009B03FA /* LaunchScreen.storyboard in Resources */ = {isa = PBXBuildFile; fileRef = 796ACD0E2A0486B6009B03FA /* LaunchScreen.storyboard */; };
		796ACD1B2A0486B6009B03FA /* MustacheManiaTests.swift in Sources */ = {isa = PBXBuildFile; fileRef = 796ACD1A2A0486B6009B03FA /* MustacheManiaTests.swift */; };
		796ACD252A0486B6009B03FA /* MustacheManiaUITests.swift in Sources */ = {isa = PBXBuildFile; fileRef = 796ACD242A0486B6009B03FA /* MustacheManiaUITests.swift */; };
		796ACD272A0486B6009B03FA /* MustacheManiaUITestsLaunchTests.swift in Sources */ = {isa = PBXBuildFile; fileRef = 796ACD262A0486B6009B03FA /* MustacheManiaUITestsLaunchTests.swift */; };
		796ACD392A048BB0009B03FA /* Constants.swift in Sources */ = {isa = PBXBuildFile; fileRef = 796ACD382A048BB0009B03FA /* Constants.swift */; };
		796ACD3D2A048E8D009B03FA /* VideoListViewController.swift in Sources */ = {isa = PBXBuildFile; fileRef = 796ACD3C2A048E8D009B03FA /* VideoListViewController.swift */; };
		796ACD3F2A048EA2009B03FA /* RecordVideoViewController.swift in Sources */ = {isa = PBXBuildFile; fileRef = 796ACD3E2A048EA2009B03FA /* RecordVideoViewController.swift */; };
		796ACD412A049350009B03FA /* TabBarController.swift in Sources */ = {isa = PBXBuildFile; fileRef = 796ACD402A049350009B03FA /* TabBarController.swift */; };
		796ACD4A2A04D604009B03FA /* VideoCell.swift in Sources */ = {isa = PBXBuildFile; fileRef = 796ACD482A04D604009B03FA /* VideoCell.swift */; };
		796ACD4B2A04D604009B03FA /* VideoCell.xib in Resources */ = {isa = PBXBuildFile; fileRef = 796ACD492A04D604009B03FA /* VideoCell.xib */; };
		796ACD4D2A04DC43009B03FA /* CoreDataService.swift in Sources */ = {isa = PBXBuildFile; fileRef = 796ACD4C2A04DC43009B03FA /* CoreDataService.swift */; };
		CE6A81564BE635137373EF43 /* Pods_MustacheManiaTests.framework in Frameworks */ = {isa = PBXBuildFile; fileRef = ADEFC1C01AEB5D63B365F8B8 /* Pods_MustacheManiaTests.framework */; };
/* End PBXBuildFile section */

/* Begin PBXContainerItemProxy section */
		796ACD172A0486B6009B03FA /* PBXContainerItemProxy */ = {
			isa = PBXContainerItemProxy;
			containerPortal = 796ACCF52A0486B5009B03FA /* Project object */;
			proxyType = 1;
			remoteGlobalIDString = 796ACCFC2A0486B5009B03FA;
			remoteInfo = MustacheMania;
		};
		796ACD212A0486B6009B03FA /* PBXContainerItemProxy */ = {
			isa = PBXContainerItemProxy;
			containerPortal = 796ACCF52A0486B5009B03FA /* Project object */;
			proxyType = 1;
			remoteGlobalIDString = 796ACCFC2A0486B5009B03FA;
			remoteInfo = MustacheMania;
		};
/* End PBXContainerItemProxy section */

/* Begin PBXFileReference section */
		141CB084AB4A406B0433A460 /* Pods-MustacheMania-MustacheManiaUITests.release.xcconfig */ = {isa = PBXFileReference; includeInIndex = 1; lastKnownFileType = text.xcconfig; name = "Pods-MustacheMania-MustacheManiaUITests.release.xcconfig"; path = "Target Support Files/Pods-MustacheMania-MustacheManiaUITests/Pods-MustacheMania-MustacheManiaUITests.release.xcconfig"; sourceTree = "<group>"; };
		3A652E05DBA58D1CD840B466 /* Pods-MustacheMania.debug.xcconfig */ = {isa = PBXFileReference; includeInIndex = 1; lastKnownFileType = text.xcconfig; name = "Pods-MustacheMania.debug.xcconfig"; path = "Target Support Files/Pods-MustacheMania/Pods-MustacheMania.debug.xcconfig"; sourceTree = "<group>"; };
		48A41D0319399E8239BAFD89 /* Pods-MustacheMania-MustacheManiaUITests.debug.xcconfig */ = {isa = PBXFileReference; includeInIndex = 1; lastKnownFileType = text.xcconfig; name = "Pods-MustacheMania-MustacheManiaUITests.debug.xcconfig"; path = "Target Support Files/Pods-MustacheMania-MustacheManiaUITests/Pods-MustacheMania-MustacheManiaUITests.debug.xcconfig"; sourceTree = "<group>"; };
		6E332FDFD8D67BFCF1C674F6 /* Pods-MustacheManiaTests.release.xcconfig */ = {isa = PBXFileReference; includeInIndex = 1; lastKnownFileType = text.xcconfig; name = "Pods-MustacheManiaTests.release.xcconfig"; path = "Target Support Files/Pods-MustacheManiaTests/Pods-MustacheManiaTests.release.xcconfig"; sourceTree = "<group>"; };
		796995162A09D8DE002A8502 /* RecordVideoManager.swift */ = {isa = PBXFileReference; lastKnownFileType = sourcecode.swift; path = RecordVideoManager.swift; sourceTree = "<group>"; };
		796ACCFD2A0486B5009B03FA /* MustacheMania.app */ = {isa = PBXFileReference; explicitFileType = wrapper.application; includeInIndex = 0; path = MustacheMania.app; sourceTree = BUILT_PRODUCTS_DIR; };
		796ACD002A0486B5009B03FA /* AppDelegate.swift */ = {isa = PBXFileReference; lastKnownFileType = sourcecode.swift; path = AppDelegate.swift; sourceTree = "<group>"; };
		796ACD022A0486B5009B03FA /* SceneDelegate.swift */ = {isa = PBXFileReference; lastKnownFileType = sourcecode.swift; path = SceneDelegate.swift; sourceTree = "<group>"; };
		796ACD072A0486B5009B03FA /* Base */ = {isa = PBXFileReference; lastKnownFileType = file.storyboard; name = Base; path = Base.lproj/Main.storyboard; sourceTree = "<group>"; };
		796ACD0A2A0486B5009B03FA /* MustacheMania.xcdatamodel */ = {isa = PBXFileReference; lastKnownFileType = wrapper.xcdatamodel; path = MustacheMania.xcdatamodel; sourceTree = "<group>"; };
		796ACD0C2A0486B6009B03FA /* Assets.xcassets */ = {isa = PBXFileReference; lastKnownFileType = folder.assetcatalog; path = Assets.xcassets; sourceTree = "<group>"; };
		796ACD0F2A0486B6009B03FA /* Base */ = {isa = PBXFileReference; lastKnownFileType = file.storyboard; name = Base; path = Base.lproj/LaunchScreen.storyboard; sourceTree = "<group>"; };
		796ACD112A0486B6009B03FA /* Info.plist */ = {isa = PBXFileReference; lastKnownFileType = text.plist.xml; path = Info.plist; sourceTree = "<group>"; };
		796ACD162A0486B6009B03FA /* MustacheManiaTests.xctest */ = {isa = PBXFileReference; explicitFileType = wrapper.cfbundle; includeInIndex = 0; path = MustacheManiaTests.xctest; sourceTree = BUILT_PRODUCTS_DIR; };
		796ACD1A2A0486B6009B03FA /* MustacheManiaTests.swift */ = {isa = PBXFileReference; lastKnownFileType = sourcecode.swift; path = MustacheManiaTests.swift; sourceTree = "<group>"; };
		796ACD202A0486B6009B03FA /* MustacheManiaUITests.xctest */ = {isa = PBXFileReference; explicitFileType = wrapper.cfbundle; includeInIndex = 0; path = MustacheManiaUITests.xctest; sourceTree = BUILT_PRODUCTS_DIR; };
		796ACD242A0486B6009B03FA /* MustacheManiaUITests.swift */ = {isa = PBXFileReference; lastKnownFileType = sourcecode.swift; path = MustacheManiaUITests.swift; sourceTree = "<group>"; };
		796ACD262A0486B6009B03FA /* MustacheManiaUITestsLaunchTests.swift */ = {isa = PBXFileReference; lastKnownFileType = sourcecode.swift; path = MustacheManiaUITestsLaunchTests.swift; sourceTree = "<group>"; };
		796ACD382A048BB0009B03FA /* Constants.swift */ = {isa = PBXFileReference; lastKnownFileType = sourcecode.swift; path = Constants.swift; sourceTree = "<group>"; };
		796ACD3C2A048E8D009B03FA /* VideoListViewController.swift */ = {isa = PBXFileReference; lastKnownFileType = sourcecode.swift; path = VideoListViewController.swift; sourceTree = "<group>"; };
		796ACD3E2A048EA2009B03FA /* RecordVideoViewController.swift */ = {isa = PBXFileReference; lastKnownFileType = sourcecode.swift; path = RecordVideoViewController.swift; sourceTree = "<group>"; };
		796ACD402A049350009B03FA /* TabBarController.swift */ = {isa = PBXFileReference; lastKnownFileType = sourcecode.swift; path = TabBarController.swift; sourceTree = "<group>"; };
		796ACD482A04D604009B03FA /* VideoCell.swift */ = {isa = PBXFileReference; lastKnownFileType = sourcecode.swift; path = VideoCell.swift; sourceTree = "<group>"; };
		796ACD492A04D604009B03FA /* VideoCell.xib */ = {isa = PBXFileReference; lastKnownFileType = file.xib; path = VideoCell.xib; sourceTree = "<group>"; };
		796ACD4C2A04DC43009B03FA /* CoreDataService.swift */ = {isa = PBXFileReference; lastKnownFileType = sourcecode.swift; path = CoreDataService.swift; sourceTree = "<group>"; };
		ADEFC1C01AEB5D63B365F8B8 /* Pods_MustacheManiaTests.framework */ = {isa = PBXFileReference; explicitFileType = wrapper.framework; includeInIndex = 0; path = Pods_MustacheManiaTests.framework; sourceTree = BUILT_PRODUCTS_DIR; };
		BFBCB22AFD7A28F45CA13D52 /* Pods-MustacheMania.release.xcconfig */ = {isa = PBXFileReference; includeInIndex = 1; lastKnownFileType = text.xcconfig; name = "Pods-MustacheMania.release.xcconfig"; path = "Target Support Files/Pods-MustacheMania/Pods-MustacheMania.release.xcconfig"; sourceTree = "<group>"; };
		E077D61C1AEC9F80B40DAEBF /* Pods_MustacheMania.framework */ = {isa = PBXFileReference; explicitFileType = wrapper.framework; includeInIndex = 0; path = Pods_MustacheMania.framework; sourceTree = BUILT_PRODUCTS_DIR; };
		EFD0D31A7BAED83E6E1161D4 /* Pods_MustacheMania_MustacheManiaUITests.framework */ = {isa = PBXFileReference; explicitFileType = wrapper.framework; includeInIndex = 0; path = Pods_MustacheMania_MustacheManiaUITests.framework; sourceTree = BUILT_PRODUCTS_DIR; };
		F219F389791F379F04565B89 /* Pods-MustacheManiaTests.debug.xcconfig */ = {isa = PBXFileReference; includeInIndex = 1; lastKnownFileType = text.xcconfig; name = "Pods-MustacheManiaTests.debug.xcconfig"; path = "Target Support Files/Pods-MustacheManiaTests/Pods-MustacheManiaTests.debug.xcconfig"; sourceTree = "<group>"; };
/* End PBXFileReference section */

/* Begin PBXFrameworksBuildPhase section */
		796ACCFA2A0486B5009B03FA /* Frameworks */ = {
			isa = PBXFrameworksBuildPhase;
			buildActionMask = 2147483647;
			files = (
				4B8AF55C375249F48E5C9462 /* Pods_MustacheMania.framework in Frameworks */,
			);
			runOnlyForDeploymentPostprocessing = 0;
		};
		796ACD132A0486B6009B03FA /* Frameworks */ = {
			isa = PBXFrameworksBuildPhase;
			buildActionMask = 2147483647;
			files = (
				CE6A81564BE635137373EF43 /* Pods_MustacheManiaTests.framework in Frameworks */,
			);
			runOnlyForDeploymentPostprocessing = 0;
		};
		796ACD1D2A0486B6009B03FA /* Frameworks */ = {
			isa = PBXFrameworksBuildPhase;
			buildActionMask = 2147483647;
			files = (
				79635366BA077D4C92777D30 /* Pods_MustacheMania_MustacheManiaUITests.framework in Frameworks */,
			);
			runOnlyForDeploymentPostprocessing = 0;
		};
/* End PBXFrameworksBuildPhase section */

/* Begin PBXGroup section */
		27D5A4E7816B8674E724E350 /* Pods */ = {
			isa = PBXGroup;
			children = (
				3A652E05DBA58D1CD840B466 /* Pods-MustacheMania.debug.xcconfig */,
				BFBCB22AFD7A28F45CA13D52 /* Pods-MustacheMania.release.xcconfig */,
				48A41D0319399E8239BAFD89 /* Pods-MustacheMania-MustacheManiaUITests.debug.xcconfig */,
				141CB084AB4A406B0433A460 /* Pods-MustacheMania-MustacheManiaUITests.release.xcconfig */,
				F219F389791F379F04565B89 /* Pods-MustacheManiaTests.debug.xcconfig */,
				6E332FDFD8D67BFCF1C674F6 /* Pods-MustacheManiaTests.release.xcconfig */,
			);
			path = Pods;
			sourceTree = "<group>";
		};
		2C37F8CB136721B4FF433AC6 /* Frameworks */ = {
			isa = PBXGroup;
			children = (
				E077D61C1AEC9F80B40DAEBF /* Pods_MustacheMania.framework */,
				EFD0D31A7BAED83E6E1161D4 /* Pods_MustacheMania_MustacheManiaUITests.framework */,
				ADEFC1C01AEB5D63B365F8B8 /* Pods_MustacheManiaTests.framework */,
			);
			name = Frameworks;
			sourceTree = "<group>";
		};
		796ACCF42A0486B5009B03FA = {
			isa = PBXGroup;
			children = (
				796ACCFF2A0486B5009B03FA /* MustacheMania */,
				796ACD192A0486B6009B03FA /* MustacheManiaTests */,
				796ACD232A0486B6009B03FA /* MustacheManiaUITests */,
				796ACCFE2A0486B5009B03FA /* Products */,
				27D5A4E7816B8674E724E350 /* Pods */,
				2C37F8CB136721B4FF433AC6 /* Frameworks */,
			);
			sourceTree = "<group>";
		};
		796ACCFE2A0486B5009B03FA /* Products */ = {
			isa = PBXGroup;
			children = (
				796ACCFD2A0486B5009B03FA /* MustacheMania.app */,
				796ACD162A0486B6009B03FA /* MustacheManiaTests.xctest */,
				796ACD202A0486B6009B03FA /* MustacheManiaUITests.xctest */,
			);
			name = Products;
			sourceTree = "<group>";
		};
		796ACCFF2A0486B5009B03FA /* MustacheMania */ = {
			isa = PBXGroup;
			children = (
				796ACD372A048BA6009B03FA /* Utils */,
				796ACD332A048B11009B03FA /* Model */,
				796ACD342A048B24009B03FA /* View */,
				796ACD352A048B2C009B03FA /* Controller */,
				796ACD002A0486B5009B03FA /* AppDelegate.swift */,
				796ACD022A0486B5009B03FA /* SceneDelegate.swift */,
				796ACD0C2A0486B6009B03FA /* Assets.xcassets */,
				796ACD0E2A0486B6009B03FA /* LaunchScreen.storyboard */,
				796ACD112A0486B6009B03FA /* Info.plist */,
			);
			path = MustacheMania;
			sourceTree = "<group>";
		};
		796ACD192A0486B6009B03FA /* MustacheManiaTests */ = {
			isa = PBXGroup;
			children = (
				796ACD1A2A0486B6009B03FA /* MustacheManiaTests.swift */,
			);
			path = MustacheManiaTests;
			sourceTree = "<group>";
		};
		796ACD232A0486B6009B03FA /* MustacheManiaUITests */ = {
			isa = PBXGroup;
			children = (
				796ACD242A0486B6009B03FA /* MustacheManiaUITests.swift */,
				796ACD262A0486B6009B03FA /* MustacheManiaUITestsLaunchTests.swift */,
			);
			path = MustacheManiaUITests;
			sourceTree = "<group>";
		};
		796ACD332A048B11009B03FA /* Model */ = {
			isa = PBXGroup;
			children = (
				796ACD362A048B60009B03FA /* Data */,
				796ACD4C2A04DC43009B03FA /* CoreDataService.swift */,
				796995162A09D8DE002A8502 /* RecordVideoManager.swift */,
			);
			path = Model;
			sourceTree = "<group>";
		};
		796ACD342A048B24009B03FA /* View */ = {
			isa = PBXGroup;
			children = (
				796ACD062A0486B5009B03FA /* Main.storyboard */,
				796ACD482A04D604009B03FA /* VideoCell.swift */,
				796ACD492A04D604009B03FA /* VideoCell.xib */,
			);
			path = View;
			sourceTree = "<group>";
		};
		796ACD352A048B2C009B03FA /* Controller */ = {
			isa = PBXGroup;
			children = (
				796ACD3C2A048E8D009B03FA /* VideoListViewController.swift */,
				796ACD3E2A048EA2009B03FA /* RecordVideoViewController.swift */,
				796ACD402A049350009B03FA /* TabBarController.swift */,
			);
			path = Controller;
			sourceTree = "<group>";
		};
		796ACD362A048B60009B03FA /* Data */ = {
			isa = PBXGroup;
			children = (
				796ACD092A0486B5009B03FA /* MustacheMania.xcdatamodeld */,
			);
			path = Data;
			sourceTree = "<group>";
		};
		796ACD372A048BA6009B03FA /* Utils */ = {
			isa = PBXGroup;
			children = (
				796ACD382A048BB0009B03FA /* Constants.swift */,
			);
			path = Utils;
			sourceTree = "<group>";
		};
/* End PBXGroup section */

/* Begin PBXNativeTarget section */
		796ACCFC2A0486B5009B03FA /* MustacheMania */ = {
			isa = PBXNativeTarget;
			buildConfigurationList = 796ACD2A2A0486B6009B03FA /* Build configuration list for PBXNativeTarget "MustacheMania" */;
			buildPhases = (
				B32A0B8A8513BC36DF0AAA07 /* [CP] Check Pods Manifest.lock */,
				796ACCF92A0486B5009B03FA /* Sources */,
				796ACCFA2A0486B5009B03FA /* Frameworks */,
				796ACCFB2A0486B5009B03FA /* Resources */,
				D796CADBF831BB1C56E36FBF /* [CP] Embed Pods Frameworks */,
			);
			buildRules = (
			);
			dependencies = (
			);
			name = MustacheMania;
			productName = MustacheMania;
			productReference = 796ACCFD2A0486B5009B03FA /* MustacheMania.app */;
			productType = "com.apple.product-type.application";
		};
		796ACD152A0486B6009B03FA /* MustacheManiaTests */ = {
			isa = PBXNativeTarget;
			buildConfigurationList = 796ACD2D2A0486B6009B03FA /* Build configuration list for PBXNativeTarget "MustacheManiaTests" */;
			buildPhases = (
				5239859C7FCC520544ED2419 /* [CP] Check Pods Manifest.lock */,
				796ACD122A0486B6009B03FA /* Sources */,
				796ACD132A0486B6009B03FA /* Frameworks */,
				796ACD142A0486B6009B03FA /* Resources */,
			);
			buildRules = (
			);
			dependencies = (
				796ACD182A0486B6009B03FA /* PBXTargetDependency */,
			);
			name = MustacheManiaTests;
			productName = MustacheManiaTests;
			productReference = 796ACD162A0486B6009B03FA /* MustacheManiaTests.xctest */;
			productType = "com.apple.product-type.bundle.unit-test";
		};
		796ACD1F2A0486B6009B03FA /* MustacheManiaUITests */ = {
			isa = PBXNativeTarget;
			buildConfigurationList = 796ACD302A0486B6009B03FA /* Build configuration list for PBXNativeTarget "MustacheManiaUITests" */;
			buildPhases = (
				2FBE8A86DDCCD19546B0B543 /* [CP] Check Pods Manifest.lock */,
				796ACD1C2A0486B6009B03FA /* Sources */,
				796ACD1D2A0486B6009B03FA /* Frameworks */,
				796ACD1E2A0486B6009B03FA /* Resources */,
				3F48FD480883E7AD835D7731 /* [CP] Embed Pods Frameworks */,
			);
			buildRules = (
			);
			dependencies = (
				796ACD222A0486B6009B03FA /* PBXTargetDependency */,
			);
			name = MustacheManiaUITests;
			productName = MustacheManiaUITests;
			productReference = 796ACD202A0486B6009B03FA /* MustacheManiaUITests.xctest */;
			productType = "com.apple.product-type.bundle.ui-testing";
		};
/* End PBXNativeTarget section */

/* Begin PBXProject section */
		796ACCF52A0486B5009B03FA /* Project object */ = {
			isa = PBXProject;
			attributes = {
				BuildIndependentTargetsInParallel = 1;
				LastSwiftUpdateCheck = 1430;
				LastUpgradeCheck = 1430;
				TargetAttributes = {
					796ACCFC2A0486B5009B03FA = {
						CreatedOnToolsVersion = 14.3;
					};
					796ACD152A0486B6009B03FA = {
						CreatedOnToolsVersion = 14.3;
						TestTargetID = 796ACCFC2A0486B5009B03FA;
					};
					796ACD1F2A0486B6009B03FA = {
						CreatedOnToolsVersion = 14.3;
						TestTargetID = 796ACCFC2A0486B5009B03FA;
					};
				};
			};
			buildConfigurationList = 796ACCF82A0486B5009B03FA /* Build configuration list for PBXProject "MustacheMania" */;
			compatibilityVersion = "Xcode 14.0";
			developmentRegion = en;
			hasScannedForEncodings = 0;
			knownRegions = (
				en,
				Base,
			);
			mainGroup = 796ACCF42A0486B5009B03FA;
			productRefGroup = 796ACCFE2A0486B5009B03FA /* Products */;
			projectDirPath = "";
			projectRoot = "";
			targets = (
				796ACCFC2A0486B5009B03FA /* MustacheMania */,
				796ACD152A0486B6009B03FA /* MustacheManiaTests */,
				796ACD1F2A0486B6009B03FA /* MustacheManiaUITests */,
			);
		};
/* End PBXProject section */

/* Begin PBXResourcesBuildPhase section */
		796ACCFB2A0486B5009B03FA /* Resources */ = {
			isa = PBXResourcesBuildPhase;
			buildActionMask = 2147483647;
			files = (
				796ACD102A0486B6009B03FA /* LaunchScreen.storyboard in Resources */,
				796ACD4B2A04D604009B03FA /* VideoCell.xib in Resources */,
				796ACD0D2A0486B6009B03FA /* Assets.xcassets in Resources */,
				796ACD082A0486B5009B03FA /* Main.storyboard in Resources */,
			);
			runOnlyForDeploymentPostprocessing = 0;
		};
		796ACD142A0486B6009B03FA /* Resources */ = {
			isa = PBXResourcesBuildPhase;
			buildActionMask = 2147483647;
			files = (
			);
			runOnlyForDeploymentPostprocessing = 0;
		};
		796ACD1E2A0486B6009B03FA /* Resources */ = {
			isa = PBXResourcesBuildPhase;
			buildActionMask = 2147483647;
			files = (
			);
			runOnlyForDeploymentPostprocessing = 0;
		};
/* End PBXResourcesBuildPhase section */

/* Begin PBXShellScriptBuildPhase section */
		2FBE8A86DDCCD19546B0B543 /* [CP] Check Pods Manifest.lock */ = {
			isa = PBXShellScriptBuildPhase;
			buildActionMask = 2147483647;
			files = (
			);
			inputFileListPaths = (
			);
			inputPaths = (
				"${PODS_PODFILE_DIR_PATH}/Podfile.lock",
				"${PODS_ROOT}/Manifest.lock",
			);
			name = "[CP] Check Pods Manifest.lock";
			outputFileListPaths = (
			);
			outputPaths = (
				"$(DERIVED_FILE_DIR)/Pods-MustacheMania-MustacheManiaUITests-checkManifestLockResult.txt",
			);
			runOnlyForDeploymentPostprocessing = 0;
			shellPath = /bin/sh;
			shellScript = "diff \"${PODS_PODFILE_DIR_PATH}/Podfile.lock\" \"${PODS_ROOT}/Manifest.lock\" > /dev/null\nif [ $? != 0 ] ; then\n    # print error to STDERR\n    echo \"error: The sandbox is not in sync with the Podfile.lock. Run 'pod install' or update your CocoaPods installation.\" >&2\n    exit 1\nfi\n# This output is used by Xcode 'outputs' to avoid re-running this script phase.\necho \"SUCCESS\" > \"${SCRIPT_OUTPUT_FILE_0}\"\n";
			showEnvVarsInLog = 0;
		};
		3F48FD480883E7AD835D7731 /* [CP] Embed Pods Frameworks */ = {
			isa = PBXShellScriptBuildPhase;
			buildActionMask = 2147483647;
			files = (
			);
			inputFileListPaths = (
				"${PODS_ROOT}/Target Support Files/Pods-MustacheMania-MustacheManiaUITests/Pods-MustacheMania-MustacheManiaUITests-frameworks-${CONFIGURATION}-input-files.xcfilelist",
			);
			name = "[CP] Embed Pods Frameworks";
			outputFileListPaths = (
				"${PODS_ROOT}/Target Support Files/Pods-MustacheMania-MustacheManiaUITests/Pods-MustacheMania-MustacheManiaUITests-frameworks-${CONFIGURATION}-output-files.xcfilelist",
			);
			runOnlyForDeploymentPostprocessing = 0;
			shellPath = /bin/sh;
			shellScript = "\"${PODS_ROOT}/Target Support Files/Pods-MustacheMania-MustacheManiaUITests/Pods-MustacheMania-MustacheManiaUITests-frameworks.sh\"\n";
			showEnvVarsInLog = 0;
		};
		5239859C7FCC520544ED2419 /* [CP] Check Pods Manifest.lock */ = {
			isa = PBXShellScriptBuildPhase;
			buildActionMask = 2147483647;
			files = (
			);
			inputFileListPaths = (
			);
			inputPaths = (
				"${PODS_PODFILE_DIR_PATH}/Podfile.lock",
				"${PODS_ROOT}/Manifest.lock",
			);
			name = "[CP] Check Pods Manifest.lock";
			outputFileListPaths = (
			);
			outputPaths = (
				"$(DERIVED_FILE_DIR)/Pods-MustacheManiaTests-checkManifestLockResult.txt",
			);
			runOnlyForDeploymentPostprocessing = 0;
			shellPath = /bin/sh;
			shellScript = "diff \"${PODS_PODFILE_DIR_PATH}/Podfile.lock\" \"${PODS_ROOT}/Manifest.lock\" > /dev/null\nif [ $? != 0 ] ; then\n    # print error to STDERR\n    echo \"error: The sandbox is not in sync with the Podfile.lock. Run 'pod install' or update your CocoaPods installation.\" >&2\n    exit 1\nfi\n# This output is used by Xcode 'outputs' to avoid re-running this script phase.\necho \"SUCCESS\" > \"${SCRIPT_OUTPUT_FILE_0}\"\n";
			showEnvVarsInLog = 0;
		};
		B32A0B8A8513BC36DF0AAA07 /* [CP] Check Pods Manifest.lock */ = {
			isa = PBXShellScriptBuildPhase;
			buildActionMask = 2147483647;
			files = (
			);
			inputFileListPaths = (
			);
			inputPaths = (
				"${PODS_PODFILE_DIR_PATH}/Podfile.lock",
				"${PODS_ROOT}/Manifest.lock",
			);
			name = "[CP] Check Pods Manifest.lock";
			outputFileListPaths = (
			);
			outputPaths = (
				"$(DERIVED_FILE_DIR)/Pods-MustacheMania-checkManifestLockResult.txt",
			);
			runOnlyForDeploymentPostprocessing = 0;
			shellPath = /bin/sh;
			shellScript = "diff \"${PODS_PODFILE_DIR_PATH}/Podfile.lock\" \"${PODS_ROOT}/Manifest.lock\" > /dev/null\nif [ $? != 0 ] ; then\n    # print error to STDERR\n    echo \"error: The sandbox is not in sync with the Podfile.lock. Run 'pod install' or update your CocoaPods installation.\" >&2\n    exit 1\nfi\n# This output is used by Xcode 'outputs' to avoid re-running this script phase.\necho \"SUCCESS\" > \"${SCRIPT_OUTPUT_FILE_0}\"\n";
			showEnvVarsInLog = 0;
		};
		D796CADBF831BB1C56E36FBF /* [CP] Embed Pods Frameworks */ = {
			isa = PBXShellScriptBuildPhase;
			buildActionMask = 2147483647;
			files = (
			);
			inputFileListPaths = (
				"${PODS_ROOT}/Target Support Files/Pods-MustacheMania/Pods-MustacheMania-frameworks-${CONFIGURATION}-input-files.xcfilelist",
			);
			name = "[CP] Embed Pods Frameworks";
			outputFileListPaths = (
				"${PODS_ROOT}/Target Support Files/Pods-MustacheMania/Pods-MustacheMania-frameworks-${CONFIGURATION}-output-files.xcfilelist",
			);
			runOnlyForDeploymentPostprocessing = 0;
			shellPath = /bin/sh;
			shellScript = "\"${PODS_ROOT}/Target Support Files/Pods-MustacheMania/Pods-MustacheMania-frameworks.sh\"\n";
			showEnvVarsInLog = 0;
		};
/* End PBXShellScriptBuildPhase section */

/* Begin PBXSourcesBuildPhase section */
		796ACCF92A0486B5009B03FA /* Sources */ = {
			isa = PBXSourcesBuildPhase;
			buildActionMask = 2147483647;
			files = (
				796ACD3D2A048E8D009B03FA /* VideoListViewController.swift in Sources */,
				796ACD4A2A04D604009B03FA /* VideoCell.swift in Sources */,
				796ACD392A048BB0009B03FA /* Constants.swift in Sources */,
				796ACD012A0486B5009B03FA /* AppDelegate.swift in Sources */,
				796ACD3F2A048EA2009B03FA /* RecordVideoViewController.swift in Sources */,
				796ACD412A049350009B03FA /* TabBarController.swift in Sources */,
				796995172A09D8DE002A8502 /* RecordVideoManager.swift in Sources */,
				796ACD0B2A0486B5009B03FA /* MustacheMania.xcdatamodeld in Sources */,
				796ACD4D2A04DC43009B03FA /* CoreDataService.swift in Sources */,
				796ACD032A0486B5009B03FA /* SceneDelegate.swift in Sources */,
			);
			runOnlyForDeploymentPostprocessing = 0;
		};
		796ACD122A0486B6009B03FA /* Sources */ = {
			isa = PBXSourcesBuildPhase;
			buildActionMask = 2147483647;
			files = (
				796ACD1B2A0486B6009B03FA /* MustacheManiaTests.swift in Sources */,
			);
			runOnlyForDeploymentPostprocessing = 0;
		};
		796ACD1C2A0486B6009B03FA /* Sources */ = {
			isa = PBXSourcesBuildPhase;
			buildActionMask = 2147483647;
			files = (
				796ACD252A0486B6009B03FA /* MustacheManiaUITests.swift in Sources */,
				796ACD272A0486B6009B03FA /* MustacheManiaUITestsLaunchTests.swift in Sources */,
			);
			runOnlyForDeploymentPostprocessing = 0;
		};
/* End PBXSourcesBuildPhase section */

/* Begin PBXTargetDependency section */
		796ACD182A0486B6009B03FA /* PBXTargetDependency */ = {
			isa = PBXTargetDependency;
			target = 796ACCFC2A0486B5009B03FA /* MustacheMania */;
			targetProxy = 796ACD172A0486B6009B03FA /* PBXContainerItemProxy */;
		};
		796ACD222A0486B6009B03FA /* PBXTargetDependency */ = {
			isa = PBXTargetDependency;
			target = 796ACCFC2A0486B5009B03FA /* MustacheMania */;
			targetProxy = 796ACD212A0486B6009B03FA /* PBXContainerItemProxy */;
		};
/* End PBXTargetDependency section */

/* Begin PBXVariantGroup section */
		796ACD062A0486B5009B03FA /* Main.storyboard */ = {
			isa = PBXVariantGroup;
			children = (
				796ACD072A0486B5009B03FA /* Base */,
			);
			name = Main.storyboard;
			sourceTree = "<group>";
		};
		796ACD0E2A0486B6009B03FA /* LaunchScreen.storyboard */ = {
			isa = PBXVariantGroup;
			children = (
				796ACD0F2A0486B6009B03FA /* Base */,
			);
			name = LaunchScreen.storyboard;
			sourceTree = "<group>";
		};
/* End PBXVariantGroup section */

/* Begin XCBuildConfiguration section */
		796ACD282A0486B6009B03FA /* Debug */ = {
			isa = XCBuildConfiguration;
			buildSettings = {
				ALWAYS_SEARCH_USER_PATHS = NO;
				CLANG_ANALYZER_NONNULL = YES;
				CLANG_ANALYZER_NUMBER_OBJECT_CONVERSION = YES_AGGRESSIVE;
				CLANG_CXX_LANGUAGE_STANDARD = "gnu++20";
				CLANG_ENABLE_MODULES = YES;
				CLANG_ENABLE_OBJC_ARC = YES;
				CLANG_ENABLE_OBJC_WEAK = YES;
				CLANG_WARN_BLOCK_CAPTURE_AUTORELEASING = YES;
				CLANG_WARN_BOOL_CONVERSION = YES;
				CLANG_WARN_COMMA = YES;
				CLANG_WARN_CONSTANT_CONVERSION = YES;
				CLANG_WARN_DEPRECATED_OBJC_IMPLEMENTATIONS = YES;
				CLANG_WARN_DIRECT_OBJC_ISA_USAGE = YES_ERROR;
				CLANG_WARN_DOCUMENTATION_COMMENTS = YES;
				CLANG_WARN_EMPTY_BODY = YES;
				CLANG_WARN_ENUM_CONVERSION = YES;
				CLANG_WARN_INFINITE_RECURSION = YES;
				CLANG_WARN_INT_CONVERSION = YES;
				CLANG_WARN_NON_LITERAL_NULL_CONVERSION = YES;
				CLANG_WARN_OBJC_IMPLICIT_RETAIN_SELF = YES;
				CLANG_WARN_OBJC_LITERAL_CONVERSION = YES;
				CLANG_WARN_OBJC_ROOT_CLASS = YES_ERROR;
				CLANG_WARN_QUOTED_INCLUDE_IN_FRAMEWORK_HEADER = YES;
				CLANG_WARN_RANGE_LOOP_ANALYSIS = YES;
				CLANG_WARN_STRICT_PROTOTYPES = YES;
				CLANG_WARN_SUSPICIOUS_MOVE = YES;
				CLANG_WARN_UNGUARDED_AVAILABILITY = YES_AGGRESSIVE;
				CLANG_WARN_UNREACHABLE_CODE = YES;
				CLANG_WARN__DUPLICATE_METHOD_MATCH = YES;
				COPY_PHASE_STRIP = NO;
				DEBUG_INFORMATION_FORMAT = dwarf;
				ENABLE_STRICT_OBJC_MSGSEND = YES;
				ENABLE_TESTABILITY = YES;
				GCC_C_LANGUAGE_STANDARD = gnu11;
				GCC_DYNAMIC_NO_PIC = NO;
				GCC_NO_COMMON_BLOCKS = YES;
				GCC_OPTIMIZATION_LEVEL = 0;
				GCC_PREPROCESSOR_DEFINITIONS = (
					"DEBUG=1",
					"$(inherited)",
				);
				GCC_WARN_64_TO_32_BIT_CONVERSION = YES;
				GCC_WARN_ABOUT_RETURN_TYPE = YES_ERROR;
				GCC_WARN_UNDECLARED_SELECTOR = YES;
				GCC_WARN_UNINITIALIZED_AUTOS = YES_AGGRESSIVE;
				GCC_WARN_UNUSED_FUNCTION = YES;
				GCC_WARN_UNUSED_VARIABLE = YES;
				IPHONEOS_DEPLOYMENT_TARGET = 16.4;
				MTL_ENABLE_DEBUG_INFO = INCLUDE_SOURCE;
				MTL_FAST_MATH = YES;
				ONLY_ACTIVE_ARCH = YES;
				SDKROOT = iphoneos;
				SWIFT_ACTIVE_COMPILATION_CONDITIONS = DEBUG;
				SWIFT_OPTIMIZATION_LEVEL = "-Onone";
			};
			name = Debug;
		};
		796ACD292A0486B6009B03FA /* Release */ = {
			isa = XCBuildConfiguration;
			buildSettings = {
				ALWAYS_SEARCH_USER_PATHS = NO;
				CLANG_ANALYZER_NONNULL = YES;
				CLANG_ANALYZER_NUMBER_OBJECT_CONVERSION = YES_AGGRESSIVE;
				CLANG_CXX_LANGUAGE_STANDARD = "gnu++20";
				CLANG_ENABLE_MODULES = YES;
				CLANG_ENABLE_OBJC_ARC = YES;
				CLANG_ENABLE_OBJC_WEAK = YES;
				CLANG_WARN_BLOCK_CAPTURE_AUTORELEASING = YES;
				CLANG_WARN_BOOL_CONVERSION = YES;
				CLANG_WARN_COMMA = YES;
				CLANG_WARN_CONSTANT_CONVERSION = YES;
				CLANG_WARN_DEPRECATED_OBJC_IMPLEMENTATIONS = YES;
				CLANG_WARN_DIRECT_OBJC_ISA_USAGE = YES_ERROR;
				CLANG_WARN_DOCUMENTATION_COMMENTS = YES;
				CLANG_WARN_EMPTY_BODY = YES;
				CLANG_WARN_ENUM_CONVERSION = YES;
				CLANG_WARN_INFINITE_RECURSION = YES;
				CLANG_WARN_INT_CONVERSION = YES;
				CLANG_WARN_NON_LITERAL_NULL_CONVERSION = YES;
				CLANG_WARN_OBJC_IMPLICIT_RETAIN_SELF = YES;
				CLANG_WARN_OBJC_LITERAL_CONVERSION = YES;
				CLANG_WARN_OBJC_ROOT_CLASS = YES_ERROR;
				CLANG_WARN_QUOTED_INCLUDE_IN_FRAMEWORK_HEADER = YES;
				CLANG_WARN_RANGE_LOOP_ANALYSIS = YES;
				CLANG_WARN_STRICT_PROTOTYPES = YES;
				CLANG_WARN_SUSPICIOUS_MOVE = YES;
				CLANG_WARN_UNGUARDED_AVAILABILITY = YES_AGGRESSIVE;
				CLANG_WARN_UNREACHABLE_CODE = YES;
				CLANG_WARN__DUPLICATE_METHOD_MATCH = YES;
				COPY_PHASE_STRIP = NO;
				DEBUG_INFORMATION_FORMAT = "dwarf-with-dsym";
				ENABLE_NS_ASSERTIONS = NO;
				ENABLE_STRICT_OBJC_MSGSEND = YES;
				GCC_C_LANGUAGE_STANDARD = gnu11;
				GCC_NO_COMMON_BLOCKS = YES;
				GCC_WARN_64_TO_32_BIT_CONVERSION = YES;
				GCC_WARN_ABOUT_RETURN_TYPE = YES_ERROR;
				GCC_WARN_UNDECLARED_SELECTOR = YES;
				GCC_WARN_UNINITIALIZED_AUTOS = YES_AGGRESSIVE;
				GCC_WARN_UNUSED_FUNCTION = YES;
				GCC_WARN_UNUSED_VARIABLE = YES;
				IPHONEOS_DEPLOYMENT_TARGET = 16.4;
				MTL_ENABLE_DEBUG_INFO = NO;
				MTL_FAST_MATH = YES;
				SDKROOT = iphoneos;
				SWIFT_COMPILATION_MODE = wholemodule;
				SWIFT_OPTIMIZATION_LEVEL = "-O";
				VALIDATE_PRODUCT = YES;
			};
			name = Release;
		};
		796ACD2B2A0486B6009B03FA /* Debug */ = {
			isa = XCBuildConfiguration;
			baseConfigurationReference = 3A652E05DBA58D1CD840B466 /* Pods-MustacheMania.debug.xcconfig */;
			buildSettings = {
				ASSETCATALOG_COMPILER_APPICON_NAME = AppIcon;
				ASSETCATALOG_COMPILER_GLOBAL_ACCENT_COLOR_NAME = AccentColor;
				CODE_SIGN_STYLE = Automatic;
				CURRENT_PROJECT_VERSION = 1;
				DEVELOPMENT_TEAM = QL7G84W3RH;
				GENERATE_INFOPLIST_FILE = YES;
				INFOPLIST_FILE = MustacheMania/Info.plist;
				INFOPLIST_KEY_UIApplicationSupportsIndirectInputEvents = YES;
				INFOPLIST_KEY_UILaunchStoryboardName = LaunchScreen;
				INFOPLIST_KEY_UIMainStoryboardFile = Main;
				INFOPLIST_KEY_UISupportedInterfaceOrientations = UIInterfaceOrientationPortrait;
				IPHONEOS_DEPLOYMENT_TARGET = 15.0;
				LD_RUNPATH_SEARCH_PATHS = (
					"$(inherited)",
					"@executable_path/Frameworks",
				);
				MARKETING_VERSION = 1.0.0;
				PRODUCT_BUNDLE_IDENTIFIER = ca.veltus.MustacheMania;
				PRODUCT_NAME = "$(TARGET_NAME)";
				SWIFT_EMIT_LOC_STRINGS = YES;
				SWIFT_VERSION = 5.0;
				TARGETED_DEVICE_FAMILY = "1,2";
			};
			name = Debug;
		};
		796ACD2C2A0486B6009B03FA /* Release */ = {
			isa = XCBuildConfiguration;
			baseConfigurationReference = BFBCB22AFD7A28F45CA13D52 /* Pods-MustacheMania.release.xcconfig */;
			buildSettings = {
				ASSETCATALOG_COMPILER_APPICON_NAME = AppIcon;
				ASSETCATALOG_COMPILER_GLOBAL_ACCENT_COLOR_NAME = AccentColor;
				CODE_SIGN_STYLE = Automatic;
				CURRENT_PROJECT_VERSION = 1;
				DEVELOPMENT_TEAM = QL7G84W3RH;
				GENERATE_INFOPLIST_FILE = YES;
				INFOPLIST_FILE = MustacheMania/Info.plist;
				INFOPLIST_KEY_UIApplicationSupportsIndirectInputEvents = YES;
				INFOPLIST_KEY_UILaunchStoryboardName = LaunchScreen;
				INFOPLIST_KEY_UIMainStoryboardFile = Main;
				INFOPLIST_KEY_UISupportedInterfaceOrientations = UIInterfaceOrientationPortrait;
				IPHONEOS_DEPLOYMENT_TARGET = 15.0;
				LD_RUNPATH_SEARCH_PATHS = (
					"$(inherited)",
					"@executable_path/Frameworks",
				);
				MARKETING_VERSION = 1.0.0;
				PRODUCT_BUNDLE_IDENTIFIER = ca.veltus.MustacheMania;
				PRODUCT_NAME = "$(TARGET_NAME)";
				SWIFT_EMIT_LOC_STRINGS = YES;
				SWIFT_VERSION = 5.0;
				TARGETED_DEVICE_FAMILY = "1,2";
			};
			name = Release;
		};
		796ACD2E2A0486B6009B03FA /* Debug */ = {
			isa = XCBuildConfiguration;
			baseConfigurationReference = F219F389791F379F04565B89 /* Pods-MustacheManiaTests.debug.xcconfig */;
			buildSettings = {
				ALWAYS_EMBED_SWIFT_STANDARD_LIBRARIES = YES;
				BUNDLE_LOADER = "$(TEST_HOST)";
				CODE_SIGN_STYLE = Automatic;
				CURRENT_PROJECT_VERSION = 1;
				DEVELOPMENT_TEAM = QL7G84W3RH;
				GENERATE_INFOPLIST_FILE = YES;
				IPHONEOS_DEPLOYMENT_TARGET = 16.4;
				MARKETING_VERSION = 1.0;
				PRODUCT_BUNDLE_IDENTIFIER = ca.veltus.MustacheManiaTests;
				PRODUCT_NAME = "$(TARGET_NAME)";
				SWIFT_EMIT_LOC_STRINGS = NO;
				SWIFT_VERSION = 5.0;
				TARGETED_DEVICE_FAMILY = "1,2";
				TEST_HOST = "$(BUILT_PRODUCTS_DIR)/MustacheMania.app/$(BUNDLE_EXECUTABLE_FOLDER_PATH)/MustacheMania";
			};
			name = Debug;
		};
		796ACD2F2A0486B6009B03FA /* Release */ = {
			isa = XCBuildConfiguration;
			baseConfigurationReference = 6E332FDFD8D67BFCF1C674F6 /* Pods-MustacheManiaTests.release.xcconfig */;
			buildSettings = {
				ALWAYS_EMBED_SWIFT_STANDARD_LIBRARIES = YES;
				BUNDLE_LOADER = "$(TEST_HOST)";
				CODE_SIGN_STYLE = Automatic;
				CURRENT_PROJECT_VERSION = 1;
				DEVELOPMENT_TEAM = QL7G84W3RH;
				GENERATE_INFOPLIST_FILE = YES;
				IPHONEOS_DEPLOYMENT_TARGET = 16.4;
				MARKETING_VERSION = 1.0;
				PRODUCT_BUNDLE_IDENTIFIER = ca.veltus.MustacheManiaTests;
				PRODUCT_NAME = "$(TARGET_NAME)";
				SWIFT_EMIT_LOC_STRINGS = NO;
				SWIFT_VERSION = 5.0;
				TARGETED_DEVICE_FAMILY = "1,2";
				TEST_HOST = "$(BUILT_PRODUCTS_DIR)/MustacheMania.app/$(BUNDLE_EXECUTABLE_FOLDER_PATH)/MustacheMania";
			};
			name = Release;
		};
		796ACD312A0486B6009B03FA /* Debug */ = {
			isa = XCBuildConfiguration;
			baseConfigurationReference = 48A41D0319399E8239BAFD89 /* Pods-MustacheMania-MustacheManiaUITests.debug.xcconfig */;
			buildSettings = {
				ALWAYS_EMBED_SWIFT_STANDARD_LIBRARIES = YES;
				CODE_SIGN_STYLE = Automatic;
				CURRENT_PROJECT_VERSION = 1;
				DEVELOPMENT_TEAM = QL7G84W3RH;
				GENERATE_INFOPLIST_FILE = YES;
				MARKETING_VERSION = 1.0;
				PRODUCT_BUNDLE_IDENTIFIER = ca.veltus.MustacheManiaUITests;
				PRODUCT_NAME = "$(TARGET_NAME)";
				SWIFT_EMIT_LOC_STRINGS = NO;
				SWIFT_VERSION = 5.0;
				TARGETED_DEVICE_FAMILY = "1,2";
				TEST_TARGET_NAME = MustacheMania;
			};
			name = Debug;
		};
		796ACD322A0486B6009B03FA /* Release */ = {
			isa = XCBuildConfiguration;
			baseConfigurationReference = 141CB084AB4A406B0433A460 /* Pods-MustacheMania-MustacheManiaUITests.release.xcconfig */;
			buildSettings = {
				ALWAYS_EMBED_SWIFT_STANDARD_LIBRARIES = YES;
				CODE_SIGN_STYLE = Automatic;
				CURRENT_PROJECT_VERSION = 1;
				DEVELOPMENT_TEAM = QL7G84W3RH;
				GENERATE_INFOPLIST_FILE = YES;
				MARKETING_VERSION = 1.0;
				PRODUCT_BUNDLE_IDENTIFIER = ca.veltus.MustacheManiaUITests;
				PRODUCT_NAME = "$(TARGET_NAME)";
				SWIFT_EMIT_LOC_STRINGS = NO;
				SWIFT_VERSION = 5.0;
				TARGETED_DEVICE_FAMILY = "1,2";
				TEST_TARGET_NAME = MustacheMania;
			};
			name = Release;
		};
/* End XCBuildConfiguration section */

/* Begin XCConfigurationList section */
		796ACCF82A0486B5009B03FA /* Build configuration list for PBXProject "MustacheMania" */ = {
			isa = XCConfigurationList;
			buildConfigurations = (
				796ACD282A0486B6009B03FA /* Debug */,
				796ACD292A0486B6009B03FA /* Release */,
			);
			defaultConfigurationIsVisible = 0;
			defaultConfigurationName = Release;
		};
		796ACD2A2A0486B6009B03FA /* Build configuration list for PBXNativeTarget "MustacheMania" */ = {
			isa = XCConfigurationList;
			buildConfigurations = (
				796ACD2B2A0486B6009B03FA /* Debug */,
				796ACD2C2A0486B6009B03FA /* Release */,
			);
			defaultConfigurationIsVisible = 0;
			defaultConfigurationName = Release;
		};
		796ACD2D2A0486B6009B03FA /* Build configuration list for PBXNativeTarget "MustacheManiaTests" */ = {
			isa = XCConfigurationList;
			buildConfigurations = (
				796ACD2E2A0486B6009B03FA /* Debug */,
				796ACD2F2A0486B6009B03FA /* Release */,
			);
			defaultConfigurationIsVisible = 0;
			defaultConfigurationName = Release;
		};
		796ACD302A0486B6009B03FA /* Build configuration list for PBXNativeTarget "MustacheManiaUITests" */ = {
			isa = XCConfigurationList;
			buildConfigurations = (
				796ACD312A0486B6009B03FA /* Debug */,
				796ACD322A0486B6009B03FA /* Release */,
			);
			defaultConfigurationIsVisible = 0;
			defaultConfigurationName = Release;
		};
/* End XCConfigurationList section */

/* Begin XCVersionGroup section */
		796ACD092A0486B5009B03FA /* MustacheMania.xcdatamodeld */ = {
			isa = XCVersionGroup;
			children = (
				796ACD0A2A0486B5009B03FA /* MustacheMania.xcdatamodel */,
			);
			currentVersion = 796ACD0A2A0486B5009B03FA /* MustacheMania.xcdatamodel */;
			path = MustacheMania.xcdatamodeld;
			sourceTree = "<group>";
			versionGroupType = wrapper.xcdatamodel;
		};
/* End XCVersionGroup section */
	};
	rootObject = 796ACCF52A0486B5009B03FA /* Project object */;
}
